
Microsoft Visual Studio Solution File, Format Version 12.00
# Visual Studio Version 17
VisualStudioVersion = 17.14.36408.4 d17.14
MinimumVisualStudioVersion = 10.0.40219.1
Project("{FAE04EC0-301F-11D3-BF4B-00C04F79EFBC}") = "FluentConsole", "FluentConsole\FluentConsole.csproj", "{EB461445-5CFC-44B0-9B1B-1D04608A9839}"
EndProject
Project("{FAE04EC0-301F-11D3-BF4B-00C04F79EFBC}") = "FluentTests", "FluentTests\FluentTests.csproj", "{AAC0B824-3CDB-4B33-84DB-111AD06822F9}"
EndProject
Project("{FAE04EC0-301F-11D3-BF4B-00C04F79EFBC}") = "FluntLibs", "FluntLibs\FluntLibs.csproj", "{F0975F12-51E4-4C23-BA4B-92C4E400AF3E}"
EndProject
Project("{FAE04EC0-301F-11D3-BF4B-00C04F79EFBC}") = "Api", "Api\Api.csproj", "{CBFA08EA-AECE-205F-7B85-326FD0B81BAD}"
EndProject
Project("{FAE04EC0-301F-11D3-BF4B-00C04F79EFBC}") = "DomainModel", "DomainModel\DomainModel.csproj", "{FDC80163-D6F2-F9D4-F5CF-D009631008EF}"
EndProject
Global
	GlobalSection(SolutionConfigurationPlatforms) = preSolution
		Debug|Any CPU = Debug|Any CPU
		Release|Any CPU = Release|Any CPU
	EndGlobalSection
	GlobalSection(ProjectConfigurationPlatforms) = postSolution
		{EB461445-5CFC-44B0-9B1B-1D04608A9839}.Debug|Any CPU.ActiveCfg = Debug|Any CPU
		{EB461445-5CFC-44B0-9B1B-1D04608A9839}.Debug|Any CPU.Build.0 = Debug|Any CPU
		{EB461445-5CFC-44B0-9B1B-1D04608A9839}.Release|Any CPU.ActiveCfg = Release|Any CPU
		{EB461445-5CFC-44B0-9B1B-1D04608A9839}.Release|Any CPU.Build.0 = Release|Any CPU
		{AAC0B824-3CDB-4B33-84DB-111AD06822F9}.Debug|Any CPU.ActiveCfg = Debug|Any CPU
		{AAC0B824-3CDB-4B33-84DB-111AD06822F9}.Debug|Any CPU.Build.0 = Debug|Any CPU
		{AAC0B824-3CDB-4B33-84DB-111AD06822F9}.Release|Any CPU.ActiveCfg = Release|Any CPU
		{AAC0B824-3CDB-4B33-84DB-111AD06822F9}.Release|Any CPU.Build.0 = Release|Any CPU
		{F0975F12-51E4-4C23-BA4B-92C4E400AF3E}.Debug|Any CPU.ActiveCfg = Debug|Any CPU
		{F0975F12-51E4-4C23-BA4B-92C4E400AF3E}.Debug|Any CPU.Build.0 = Debug|Any CPU
		{F0975F12-51E4-4C23-BA4B-92C4E400AF3E}.Release|Any CPU.ActiveCfg = Release|Any CPU
		{F0975F12-51E4-4C23-BA4B-92C4E400AF3E}.Release|Any CPU.Build.0 = Release|Any CPU
		{CBFA08EA-AECE-205F-7B85-326FD0B81BAD}.Debug|Any CPU.ActiveCfg = Debug|Any CPU
		{CBFA08EA-AECE-205F-7B85-326FD0B81BAD}.Debug|Any CPU.Build.0 = Debug|Any CPU
		{CBFA08EA-AECE-205F-7B85-326FD0B81BAD}.Release|Any CPU.ActiveCfg = Release|Any CPU
		{CBFA08EA-AECE-205F-7B85-326FD0B81BAD}.Release|Any CPU.Build.0 = Release|Any CPU
		{FDC80163-D6F2-F9D4-F5CF-D009631008EF}.Debug|Any CPU.ActiveCfg = Debug|Any CPU
		{FDC80163-D6F2-F9D4-F5CF-D009631008EF}.Debug|Any CPU.Build.0 = Debug|Any CPU
		{FDC80163-D6F2-F9D4-F5CF-D009631008EF}.Release|Any CPU.ActiveCfg = Release|Any CPU
		{FDC80163-D6F2-F9D4-F5CF-D009631008EF}.Release|Any CPU.Build.0 = Release|Any CPU
	EndGlobalSection
	GlobalSection(SolutionProperties) = preSolution
		HideSolutionNode = FALSE
	EndGlobalSection
	GlobalSection(ExtensibilityGlobals) = postSolution
		SolutionGuid = {2A766E35-D333-4B1E-8F3C-CD5CA072B766}
	EndGlobalSection
EndGlobal
